version = 1
revision = 3
requires-python = ">=3.10, <3.13"
resolution-markers = [
    "python_full_version >= '3.12' and sys_platform == 'darwin'",
    "python_full_version >= '3.12' and platform_machine == 'aarch64' and sys_platform == 'linux'",
    "python_full_version >= '3.12' and sys_platform == 'win32'",
    "python_full_version >= '3.12' and sys_platform == 'emscripten'",
    "(python_full_version >= '3.12' and platform_machine != 'aarch64' and sys_platform == 'linux') or (python_full_version >= '3.12' and sys_platform != 'darwin' and sys_platform != 'emscripten' and sys_platform != 'linux' and sys_platform != 'win32')",
    "python_full_version == '3.11.*' and sys_platform == 'darwin'",
    "python_full_version == '3.11.*' and platform_machine == 'aarch64' and sys_platform == 'linux'",
    "python_full_version == '3.11.*' and sys_platform == 'win32'",
    "python_full_version == '3.11.*' and sys_platform == 'emscripten'",
    "(python_full_version == '3.11.*' and platform_machine != 'aarch64' and sys_platform == 'linux') or (python_full_version == '3.11.*' and sys_platform != 'darwin' and sys_platform != 'emscripten' and sys_platform != 'linux' and sys_platform != 'win32')",
    "python_full_version < '3.11' and sys_platform == 'darwin'",
    "python_full_version < '3.11' and platform_machine == 'aarch64' and sys_platform == 'linux'",
    "(python_full_version < '3.11' and platform_machine != 'aarch64' and sys_platform == 'linux') or (python_full_version < '3.11' and sys_platform != 'darwin' and sys_platform != 'linux')",
]

[[package]]
name = "absl-py"
version = "2.4.0"
source = { registry = "https://pypi.org/simple" }
sdist = { url = "https://files.pythonhosted.org/packages/64/c7/8de93764ad66968d19329a7e0c147a2bb3c7054c554d4a119111b8f9440f/absl_py-2.4.0.tar.gz", hash = "sha256:8c6af82722b35cf71e0f4d1d47dcaebfff286e27110a99fc359349b247dfb5d4", size = 116543, upload-time = "2026-01-28T10:17:05.322Z" }
wheels = [
    { url = "https://files.pythonhosted.org/packages/18/a6/907a406bb7d359e6a63f99c313846d9eec4f7e6f7437809e03aa00fa3074/absl_py-2.4.0-py3-none-any.whl", hash = "sha256:88476fd881ca8aab94ffa78b7b6c632a782ab3ba1cd19c9bd423abc4fb4cd28d", size = 135750, upload-time = "2026-01-28T10:17:04.19Z" },
]

[[package]]
name = "etils"
version = "1.13.0"
source = { registry = "https://pypi.org/simple" }
resolution-markers = [
    "python_full_version < '3.11' and sys_platform == 'darwin'",
    "python_full_version < '3.11' and platform_machine == 'aarch64' and sys_platform == 'linux'",
    "(python_full_version < '3.11' and platform_machine != 'aarch64' and sys_platform == 'linux') or (python_full_version < '3.11' and sys_platform != 'darwin' and sys_platform != 'linux')",
]
sdist = { url = "https://files.pythonhosted.org/packages/9b/a0/522bbff0f3cdd37968f90dd7f26c7aa801ed87f5ba335f156de7f2b88a48/etils-1.13.0.tar.gz", hash = "sha256:a5b60c71f95bcd2d43d4e9fb3dc3879120c1f60472bb5ce19f7a860b1d44f607", size = 106368, upload-time = "2025-07-15T10:29:10.563Z" }
wheels = [
    { url = "https://files.pythonhosted.org/packages/e7/98/87b5946356095738cb90a6df7b35ff69ac5750f6e783d5fbcc5cb3b6cbd7/etils-1.13.0-py3-none-any.whl", hash = "sha256:d9cd4f40fbe77ad6613b7348a18132cc511237b6c076dbb89105c0b520a4c6bb", size = 170603, upload-time = "2025-07-15T10:29:09.076Z" },
]

[package.optional-dependencies]
epath = [
    { name = "fsspec", marker = "python_full_version < '3.11'" },
    { name = "importlib-resources", marker = "python_full_version < '3.11'" },
    { name = "typing-extensions", marker = "python_full_version < '3.11'" },
    { name = "zipp", marker = "python_full_version < '3.11'" },
]

[[package]]
name = "etils"
version = "1.14.0"
source = { registry = "https://pypi.org/simple" }
resolution-markers = [
    "python_full_version >= '3.12' and sys_platform == 'darwin'",
    "python_full_version >= '3.12' and platform_machine == 'aarch64' and sys_platform == 'linux'",
    "python_full_version >= '3.12' and sys_platform == 'win32'",
    "python_full_version >= '3.12' and sys_platform == 'emscripten'",
    "(python_full_version >= '3.12' and platform_machine != 'aarch64' and sys_platform == 'linux') or (python_full_version >= '3.12' and sys_platform != 'darwin' and sys_platform != 'emscripten' and sys_platform != 'linux' and sys_platform != 'win32')",
    "python_full_version == '3.11.*' and sys_platform == 'darwin'",
    "python_full_version == '3.11.*' and platform_machine == 'aarch64' and sys_platform == 'linux'",
    "python_full_version == '3.11.*' and sys_platform == 'win32'",
    "python_full_version == '3.11.*' and sys_platform == 'emscripten'",
    "(python_full_version == '3.11.*' and platform_machine != 'aarch64' and sys_platform == 'linux') or (python_full_version == '3.11.*' and sys_platform != 'darwin' and sys_platform != 'emscripten' and sys_platform != 'linux' and sys_platform != 'win32')",
]
sdist = { url = "https://files.pythonhosted.org/packages/26/ce/6e067242fde898841922ac6fc82b0bb2fe35c38e995880bdffdfbe30182a/etils-1.14.0.tar.gz", hash = "sha256:8136e7f4c4173cd0af0ca5481c4475152f0b8686192951eefa60ee8711e1ede4", size = 108127, upload-time = "2026-03-04T17:41:36.291Z" }
wheels = [
    { url = "https://files.pythonhosted.org/packages/5a/3d/589663aeeacd59bb2f3e8596bfd3e81cf0fb18d70bb433199041f469771b/etils-1.14.0-py3-none-any.whl", hash = "sha256:b5df7341f54dbe1405a4450b2741207b4a8c279780402b45f87202b94dfc52b4", size = 172934, upload-time = "2026-03-04T17:41:35.01Z" },
]

[package.optional-dependencies]
epath = [
    { name = "fsspec", marker = "python_full_version >= '3.11'" },
    { name = "typing-extensions", marker = "python_full_version >= '3.11'" },
    { name = "zipp", marker = "python_full_version >= '3.11'" },
]

[[package]]
name = "fsspec"
version = "2026.4.0"
source = { registry = "https://pypi.org/simple" }
sdist = { url = "https://files.pythonhosted.org/packages/d5/8d/1c51c094345df128ca4a990d633fe1a0ff28726c9e6b3c41ba65087bba1d/fsspec-2026.4.0.tar.gz", hash = "sha256:301d8ac70ae90ef3ad05dcf94d6c3754a097f9b5fe4667d2787aa359ec7df7e4", size = 312760, upload-time = "2026-04-29T20:42:38.635Z" }
wheels = [
    { url = "https://files.pythonhosted.org/packages/d5/0c/043d5e551459da400957a1395e0febbf771446ff34291afcbe3d8be2a279/fsspec-2026.4.0-py3-none-any.whl", hash = "sha256:11ef7bb35dab8a394fde6e608221d5cf3e8499401c249bebaeaad760a1a8dec2", size = 203402, upload-time = "2026-04-29T20:42:36.842Z" },
]

[[package]]
name = "glfw"
version = "2.10.0"
source = { registry = "https://pypi.org/simple" }
sdist = { url = "https://files.pythonhosted.org/packages/96/72/642d4f12f61816ac96777f7360d413e3977a7dd08237d196f02da681b186/glfw-2.10.0.tar.gz", hash = "sha256:801e55d8581b34df9aa2cfea43feb06ff617576e2a8cc5dac23ee75b26d10abe", size = 31475, upload-time = "2025-09-12T08:54:38.871Z" }
wheels = [
    { url = "https://files.pythonhosted.org/packages/3d/1f/a9ce08b1173b0ab625ee92f0c47a5278b3e76fd367699880d8ee7d56c338/glfw-2.10.0-py2.py27.py3.py30.py31.py32.py33.py34.py35.py36.py37.py38.p39.p310.p311.p312.p313-none-macosx_10_6_intel.whl", hash = "sha256:5f365a8c94bcea71ec91327e7c16e7cf739128479a18b8c1241b004b40acc412", size = 105329, upload-time = "2025-09-12T08:54:27.938Z" },
    { url = "https://files.pythonhosted.org/packages/7c/96/5a2220abcbd027eebcf8bedd28207a2de168899e51be13ba01ebdd4147a1/glfw-2.10.0-py2.py27.py3.py30.py31.py32.py33.py34.py35.py36.py37.py38.p39.p310.p311.p312.p313-none-macosx_11_0_arm64.whl", hash = "sha256:5328db1a92d07abd988730517ec02aa8390d3e6ef7ce98c8b57ecba2f43a39ba", size = 102179, upload-time = "2025-09-12T08:54:29.163Z" },
    { url = "https://files.pythonhosted.org/packages/9d/41/a5bd1d9e1808f400102bd7d328c4ac17b65fb2fc8014014ec6f23d02f662/glfw-2.10.0-py2.py27.py3.py30.py31.py32.py33.py34.py35.py36.py37.py38.p39.p310.p311.p312.p313-none-manylinux2014_aarch64.whl", hash = "sha256:312c4c1dd5509613ed6bc1e95a8dbb75a36b6dcc4120f50dc3892b40172e9053", size = 230039, upload-time = "2025-09-12T08:54:30.201Z" },
    { url = "https://files.pythonhosted.org/packages/80/aa/3b503c448609dee6cb4e7138b4109338f0e65b97be107ab85562269d378d/glfw-2.10.0-py2.py27.py3.py30.py31.py32.py33.py34.py35.py36.py37.py38.p39.p310.p311.p312.p313-none-manylinux2014_x86_64.whl", hash = "sha256:59c53387dc08c62e8bed86bbe3a8d53ab1b27161281ffa0e7f27b64284e2627c", size = 241984, upload-time = "2025-09-12T08:54:31.347Z" },
    { url = "https://files.pythonhosted.org/packages/ac/2d/bfe39a42cad8e80b02bf5f7cae19ba67832c1810bbd3624a8e83153d74a4/glfw-2.10.0-py2.py27.py3.py30.py31.py32.py33.py34.py35.py36.py37.py38.p39.p310.p311.p312.p313-none-manylinux_2_28_aarch64.whl", hash = "sha256:c6f292fdaf3f9a99e598ede6582d21c523a6f51f8f5e66213849101a6bcdc699", size = 231052, upload-time = "2025-09-12T08:54:32.859Z" },
    { url = "https://files.pythonhosted.org/packages/f7/02/6e639e90f181dc9127046e00d0528f9f7ad12d428972e3a5378b9aefdb0b/glfw-2.10.0-py2.py27.py3.py30.py31.py32.py33.py34.py35.py36.py37.py38.p39.p310.p311.p312.p313-none-manylinux_2_28_x86_64.whl", hash = "sha256:7916034efa867927892635733a3b6af8cd95ceb10566fd7f1e0d2763c2ee8b12", size = 243525, upload-time = "2025-09-12T08:54:34.006Z" },
    { url = "https://files.pythonhosted.org/packages/84/06/cb588ca65561defe0fc48d1df4c2ac12569b81231ae4f2b52ab37007d0bd/glfw-2.10.0-py2.py27.py3.py30.py31.py32.py33.py34.py35.py36.py37.py38.p39.p310.p311.p312.p313-none-win32.whl", hash = "sha256:6c9549da71b93e367b4d71438798daae1da2592039fd14204a80a1a2348ae127", size = 552685, upload-time = "2025-09-12T08:54:35.723Z" },
    { url = "https://files.pythonhosted.org/packages/86/27/00c9c96af18ac0a5eac2ff61cbe306551a2d770d7173f396d0792ee1a59e/glfw-2.10.0-py2.py27.py3.py30.py31.py32.py33.py34.py35.py36.py37.py38.p39.p310.p311.p312.p313-none-win_amd64.whl", hash = "sha256:6292d5d6634d668cd23d337e6089491d3945a9aa4ac6e1667b0003520d7caa51", size = 559466, upload-time = "2025-09-12T08:54:37.661Z" },
    { url = "https://files.pythonhosted.org/packages/b3/87/de0b33f6f00687499ca1371f22aa73396341b85bf88f1a284f9da8842493/glfw-2.10.0-py2.py27.py3.py30.py31.py32.py33.py34.py35.py36.py37.py38.py39.py310.py311.py312.py313.py314-none-macosx_10_6_intel.whl", hash = "sha256:2aab89d2d9535635ba011fc7303390685169a1aa6731ad580d08d043524b8899", size = 105326, upload-time = "2026-01-28T05:57:56.083Z" },
    { url = "https://files.pythonhosted.org/packages/b6/a6/6ea2f73ad4474896d9e38b3ffbe6ffd5a802c738392269e99e8c6621a461/glfw-2.10.0-py2.py27.py3.py30.py31.py32.py33.py34.py35.py36.py37.py38.py39.py310.py311.py312.py313.py314-none-macosx_11_0_arm64.whl", hash = "sha256:23936202a107039b5372f0b88ae1d11080746aa1c78910a45d4a0c4cf408cfaa", size = 102180, upload-time = "2026-01-28T05:57:57.787Z" },
    { url = "https://files.pythonhosted.org/packages/58/19/d81b19e8261b9cb51b81d1402167791fef81088dfe91f0c4e9d136fdc5ca/glfw-2.10.0-py2.py27.py3.py30.py31.py32.py33.py34.py35.py36.py37.py38.py39.py310.py311.py312.py313.py314-none-manylinux2014_aarch64.whl", hash = "sha256:7be06d0838f61df67bd54cb6266a6193d54083acb3624ff3c3812a6358406fa4", size = 230038, upload-time = "2026-01-28T05:57:59.105Z" },
    { url = "https://files.pythonhosted.org/packages/e2/fa/b035636cd82198b97b51a93efe9cfc4343d6b15cefbd336a3f2be871d848/glfw-2.10.0-py2.py27.py3.py30.py31.py32.py33.py34.py35.py36.py37.py38.py39.py310.py311.py312.py313.py314-none-manylinux2014_x86_64.whl", hash = "sha256:91d36b3582a766512eff8e3b5dcc2d3ffcbf10b7cf448551085a08a10f1b8244", size = 241983, upload-time = "2026-01-28T05:58:00.352Z" },
    { url = "https://files.pythonhosted.org/packages/ff/b4/f7b6cc022dd7c68b6c702d19da5d591f978f89c958b9bd3090615db0c739/glfw-2.10.0-py2.py27.py3.py30.py31.py32.py33.py34.py35.py36.py37.py38.py39.py310.py311.py312.py313.py314-none-manylinux_2_28_aarch64.whl", hash = "sha256:27c9e9a2d5e1dc3c9e3996171d844d9df9a5a101e797cb94cce217b7afcf8fd9", size = 231053, upload-time = "2026-01-28T05:58:01.683Z" },
    { url = "https://files.pythonhosted.org/packages/5a/3f/efeb7c6801c46e11bd666a5180f0d615f74f72264212f74f39586c6fda9d/glfw-2.10.0-py2.py27.py3.py30.py31.py32.py33.py34.py35.py36.py37.py38.py39.py310.py311.py312.py313.py314-none-manylinux_2_28_x86_64.whl", hash = "sha256:ce6724bb7cb3d0543dcba17206dce909f94176e68220b8eafee72e9f92bcf542", size = 243522, upload-time = "2026-01-28T05:58:03.517Z" },
    { url = "https://files.pythonhosted.org/packages/cf/b9/b04c3aa0aad2870cfe799f32f8b59789c98e1816bbce9e83f4823c5b840b/glfw-2.10.0-py2.py27.py3.py30.py31.py32.py33.py34.py35.py36.py37.py38.py39.py310.py311.py312.py313.py314-none-win32.whl", hash = "sha256:fca724a21a372731edb290841edd28a9fb1ee490f833392752844ac807c0086a", size = 552682, upload-time = "2026-01-28T05:58:05.649Z" },
    { url = "https://files.pythonhosted.org/packages/bd/e1/6d6816b296a529ac9b897ad228b1e084eb1f92319e96371880eebdc874a6/glfw-2.10.0-py2.py27.py3.py30.py31.py32.py33.py34.py35.py36.py37.py38.py39.py310.py311.py312.py313.py314-none-win_amd64.whl", hash = "sha256:823c0bd7770977d4b10e0ed0aef2f3682276b7c88b8b65cfc540afce5951392f", size = 559464, upload-time = "2026-01-28T05:58:07.261Z" },
    { url = "https://files.pythonhosted.org/packages/8c/a8/d4dab8a58fc2e6981fc7a58c4e56ba9d777fb24931cec6a22152edbb3540/glfw-2.10.0-py2.py3-none-macosx_10_6_intel.whl", hash = "sha256:a0d1f29f206219cc291edfb6cace663a86da2470632551c998e3db82d48ea177", size = 105288, upload-time = "2026-03-10T17:21:19.929Z" },
    { url = "https://files.pythonhosted.org/packages/14/61/68d35e001872a7705112418da236fa2418d4f2e5419f8b2837f9b81bb3da/glfw-2.10.0-py2.py3-none-macosx_11_0_arm64.whl", hash = "sha256:d28d6f3ef217e64e35dc6fd0a7acb4cec9bfe7cd14dd9b35a7228a87002de154", size = 102139, upload-time = "2026-03-10T17:21:21.645Z" },
    { url = "https://files.pythonhosted.org/packages/4e/e1/ca5984081aaae07c9d371cb11dc4e4ff603510678ed9b73e58b6c351fe63/glfw-2.10.0-py2.py3-none-manylinux2014_aarch64.whl", hash = "sha256:f968b522bb6a0e04aaf4dcac30a476d7229308bb2bac406a60587debb5a61e29", size = 229998, upload-time = "2026-03-10T17:21:23.549Z" },
    { url = "https://files.pythonhosted.org/packages/fa/c4/82ac75fdcfba2896da7a573c0fc7f8ceb8f77ead6866d500d06c32f1c464/glfw-2.10.0-py2.py3-none-manylinux2014_x86_64.whl", hash = "sha256:68cf3752bdadb6f4bc0a876247c28c88c7251ac39f8af076ed938fdfd71e72dd", size = 241944, upload-time = "2026-03-10T17:21:26.102Z" },
    { url = "https://files.pythonhosted.org/packages/e3/96/9f691823cca5eb6a08f346bd0ff03b78032db9370b509a1e9c8976fb20a5/glfw-2.10.0-py2.py3-none-manylinux_2_28_aarch64.whl", hash = "sha256:44d98de5dbf8f727e0cb29f9b29d29528ea7570f2e6f42f8430a69df05f12b48", size = 231009, upload-time = "2026-03-10T17:21:28.481Z" },
    { url = "https://files.pythonhosted.org/packages/3f/93/977b9e679e356871d428ae7a1139ec767dd5177bed58a6344b4d2199e00f/glfw-2.10.0-py2.py3-none-manylinux_2_28_x86_64.whl", hash = "sha256:cca5158d62189e08792b1ae54f92307a282921a0e7783315b467e21b0a381c88", size = 243480, upload-time = "2026-03-10T17:21:30.538Z" },
    { url = "https://files.pythonhosted.org/packages/f9/bd/cea9569c8f2188b0a104472951420434a3e1f5cf26f5836ef9d7227a1a30/glfw-2.10.0-py2.py3-none-win32.whl", hash = "sha256:5e024509989740e8e7b86cc4aab508195495f79879072b0e1f68bd036a2916ad", size = 552641, upload-time = "2026-03-10T17:21:32.653Z" },
    { url = "https://files.pythonhosted.org/packages/cc/9b/4366ad3e1c0688146c70aa6143584d6a8d88583b9390f106250e25a3d5cd/glfw-2.10.0-py2.py3-none-win_amd64.whl", hash = "sha256:7f787ee8645781f10e8800438ce4357ab38c573ffb191aba380c1e72eba6311c", size = 559423, upload-time = "2026-03-10T17:21:34.766Z" },
]

[[package]]
name = "importlib-resources"
version = "7.1.0"
source = { registry = "https://pypi.org/simple" }
sdist = { url = "https://files.pythonhosted.org/packages/e4/06/b56dfa750b44e86157093bc8fca0ab81dccbf5260510de4eaf1cb69b5b99/importlib_resources-7.1.0.tar.gz", hash = "sha256:0722d4c6212489c530f2a145a34c0a7a3b4721bc96a15fada5930e2a0b760708", size = 44985, upload-time = "2026-04-12T16:36:09.232Z" }
wheels = [
    { url = "https://files.pythonhosted.org/packages/8a/db/55a262f3606bebcae07cc14095338471ad7c0bbcaa37707e6f0ee49725b7/importlib_resources-7.1.0-py3-none-any.whl", hash = "sha256:1bd7b48b4088eddb2cd16382150bb515af0bd2c70128194392725f82ad2c96a1", size = 37232, upload-time = "2026-04-12T16:36:08.219Z" },
]

[[package]]
name = "mujoco"
version = "3.2.4"
source = { registry = "https://pypi.org/simple" }
dependencies = [
    { name = "absl-py" },
    { name = "etils", version = "1.13.0", source = { registry = "https://pypi.org/simple" }, extra = ["epath"], marker = "python_full_version < '3.11'" },
    { name = "etils", version = "1.14.0", source = { registry = "https://pypi.org/simple" }, extra = ["epath"], marker = "python_full_version >= '3.11'" },
    { name = "glfw" },
    { name = "numpy" },
    { name = "pyopengl" },
]
sdist = { url = "https://files.pythonhosted.org/packages/65/06/833034690fdea2229663d7ee8029dc1a8affafc486e4c6e8d9f911672ba7/mujoco-3.2.4.tar.gz", hash = "sha256:dbacdbefdfe2c5987a5e63299f4292084afa8f297a48d2388a1d6e530971e87c", size = 716546, upload-time = "2024-10-16T19:25:31.475Z" }
wheels = [
    { url = "https://files.pythonhosted.org/packages/30/37/7d585a5ff4550f977336cfb7a1f3e5e08e8199b9b9379fb4bb3e30276395/mujoco-3.2.4-cp310-cp310-macosx_10_16_x86_64.whl", hash = "sha256:a2d9f9b8fd1607e98ae5e6c97e8646f7ea18e96357c70d2226b4dccf5a05c3ea", size = 6516501, upload-time = "2024-10-16T19:24:05.229Z" },
    { url = "https://files.pythonhosted.org/packages/c2/6a/057e393adeddd58e9e180ff9a231c5c7f2ac8c7ac429d4d38f05a35a4d15/mujoco-3.2.4-cp310-cp310-macosx_11_0_arm64.whl", hash = "sha256:4b099bfe47efcca2dd7a83353381f871faf257da0b981330e574e9b9910e36ea", size = 6294072, upload-time = "2024-10-16T19:24:09.139Z" },
    { url = "https://files.pythonhosted.org/packages/1c/6c/07ba2a37467de55076206dc08aed0625175b9477449cc49c35640e790137/mujoco-3.2.4-cp310-cp310-manylinux_2_17_aarch64.manylinux2014_aarch64.whl", hash = "sha256:e8ef27ef1039463ab23729fae402839c856fffbcd6756702fc603ea3f9d41159", size = 6053308, upload-time = "2024-10-16T19:24:13.488Z" },
    { url = "https://files.pythonhosted.org/packages/fa/4f/b57f6fbafdb4d0d039f9d9f1353be4d29b85e727191784c79e5fb204d106/mujoco-3.2.4-cp310-cp310-manylinux_2_17_x86_64.manylinux2014_x86_64.whl", hash = "sha256:850ae1a84d300597154a5ab0c08789ff45b56b12cbd1c7a3981b33910364ba93", size = 6271229, upload-time = "2024-10-16T19:24:20.415Z" },
    { url = "https://files.pythonhosted.org/packages/de/36/919682362c85ae90ab1a9bcf96fd31331b8e32bc9c3967744a04e2366ffd/mujoco-3.2.4-cp310-cp310-win_amd64.whl", hash = "sha256:17c6ce3aded78b822e2462fa237c4b154f278607b1eafc6152882da4c3cc7b1d", size = 4632990, upload-time = "2024-10-16T19:24:24.607Z" },
    { url = "https://files.pythonhosted.org/packages/7f/d5/02bffe714d9ba5d6660a63f1a81d5f6764176cbc2814c80e154a71a08c10/mujoco-3.2.4-cp311-cp311-macosx_10_16_x86_64.whl", hash = "sha256:f9232ca672be0a6b0392c5109f03bd7c654baf119d542b3d00de1629c2947bb3", size = 6529853, upload-time = "2024-10-16T19:24:29.206Z" },
    { url = "https://files.pythonhosted.org/packages/86/d9/d63ece8817a9fc7b341e0429edcda321589617b75968c46c8628ca4ed04c/mujoco-3.2.4-cp311-cp311-macosx_11_0_arm64.whl", hash = "sha256:b98de4587882f146d0e75e3afcb6d51a59bb6c05b9c7fa1e67b69dd0d771b0f1", size = 6306471, upload-time = "2024-10-16T19:24:33.058Z" },
    { url = "https://files.pythonhosted.org/packages/98/6c/ab3de77dbf877c0396ca7fa9569409d2c91d9560b0ae77c56b6fdaa91643/mujoco-3.2.4-cp311-cp311-manylinux_2_17_aarch64.manylinux2014_aarch64.whl", hash = "sha256:3d892de209567dabdf2572e0d8d138ac8913e62460984582e6b34ae2b6fed2ab", size = 6067153, upload-time = "2024-10-16T19:24:37.414Z" },
    { url = "https://files.pythonhosted.org/packages/64/f4/484bbcf2000c86752c82d2a9d3f442b0e9fe5555e8e9e9099ab9cc8d17ae/mujoco-3.2.4-cp311-cp311-manylinux_2_17_x86_64.manylinux2014_x86_64.whl", hash = "sha256:d7062c4061ea9f3c25e15cda07398951e6a929244d43421fee6f5ac07b64b3f9", size = 6289873, upload-time = "2024-10-16T19:24:42.061Z" },
    { url = "https://files.pythonhosted.org/packages/5f/0c/c76854249f5965baacabfe7a363b00dec6c72626db670e1ddb08ba6a9a66/mujoco-3.2.4-cp311-cp311-win_amd64.whl", hash = "sha256:c543dcd731186c3812e451b7f51d4da283cd52f5a1f3a93b8eaa904ec0e1a425", size = 4660355, upload-time = "2024-10-16T19:24:45.933Z" },
    { url = "https://files.pythonhosted.org/packages/e8/d6/857655d3dda96cc4bf5a5fa43162eef83dd12cfed2b76b586b130b52b1e0/mujoco-3.2.4-cp312-cp312-macosx_10_16_x86_64.whl", hash = "sha256:139729d803aca323b893a1dd85553eea262b8b44afabacf694300a9ee37ba822", size = 6535909, upload-time = "2024-10-16T19:24:50.559Z" },
    { url = "https://files.pythonhosted.org/packages/01/b2/e906f3bdb9c961c76ddb80a57b430853f03f16d12b244aa7eea666812860/mujoco-3.2.4-cp312-cp312-macosx_11_0_arm64.whl", hash = "sha256:7ec67820e2a7940ec4beb7d5ed2bff909a37082dbecb018bf15f7f5ee6c5abe9", size = 6273279, upload-time = "2024-10-16T19:24:53.798Z" },
    { url = "https://files.pythonhosted.org/packages/a2/5c/d30b85f54df38beb71f653c20207af421932b41906e6164d06d4bbd96ee7/mujoco-3.2.4-cp312-cp312-manylinux_2_17_aarch64.manylinux2014_aarch64.whl", hash = "sha256:db7985c9926a1f96c08634a17e89bc96ec79b36e3176766bf3ca3a1ee7079a97", size = 6074621, upload-time = "2024-10-16T19:24:57.928Z" },
    { url = "https://files.pythonhosted.org/packages/61/6e/398ff5aa600b9b073f0d33e0a896d45d1a3caa4d259dd08e70eb0f27dd43/mujoco-3.2.4-cp312-cp312-manylinux_2_17_x86_64.manylinux2014_x86_64.whl", hash = "sha256:0b7b64dd1d43e380eeb0d47312ee81a1378f6bc6b93fa0c2f6ddf0bc888f8127", size = 6345280, upload-time = "2024-10-16T19:25:02.335Z" },
    { url = "https://files.pythonhosted.org/packages/e9/a3/1a6024032b8c7ebd17c14bf180e7db90ee19fd1439445773063c5b2ef3ad/mujoco-3.2.4-cp312-cp312-win_amd64.whl", hash = "sha256:ba52db283b39e0d9ff1a0222e58b3a5d67fa1114a8825628318ab8304038886b", size = 4707333, upload-time = "2024-10-16T19:25:06.883Z" },
]

[[package]]
name = "numpy"
version = "1.26.4"
source = { registry = "https://pypi.org/simple" }
sdist = { url = "https://files.pythonhosted.org/packages/65/6e/09db70a523a96d25e115e71cc56a6f9031e7b8cd166c1ac8438307c14058/numpy-1.26.4.tar.gz", hash = "sha256:2a02aba9ed12e4ac4eb3ea9421c420301a0c6460d9830d74a9df87efa4912010", size = 15786129, upload-time = "2024-02-06T00:26:44.495Z" }
wheels = [
    { url = "https://files.pythonhosted.org/packages/a7/94/ace0fdea5241a27d13543ee117cbc65868e82213fb31a8eb7fe9ff23f313/numpy-1.26.4-cp310-cp310-macosx_10_9_x86_64.whl", hash = "sha256:9ff0f4f29c51e2803569d7a51c2304de5554655a60c5d776e35b4a41413830d0", size = 20631468, upload-time = "2024-02-05T23:48:01.194Z" },
    { url = "https://files.pythonhosted.org/packages/20/f7/b24208eba89f9d1b58c1668bc6c8c4fd472b20c45573cb767f59d49fb0f6/numpy-1.26.4-cp310-cp310-macosx_11_0_arm64.whl", hash = "sha256:2e4ee3380d6de9c9ec04745830fd9e2eccb3e6cf790d39d7b98ffd19b0dd754a", size = 13966411, upload-time = "2024-02-05T23:48:29.038Z" },
    { url = "https://files.pythonhosted.org/packages/fc/a5/4beee6488160798683eed5bdb7eead455892c3b4e1f78d79d8d3f3b084ac/numpy-1.26.4-cp310-cp310-manylinux_2_17_aarch64.manylinux2014_aarch64.whl", hash = "sha256:d209d8969599b27ad20994c8e41936ee0964e6da07478d6c35016bc386b66ad4", size = 14219016, upload-time = "2024-02-05T23:48:54.098Z" },
    { url = "https://files.pythonhosted.org/packages/4b/d7/ecf66c1cd12dc28b4040b15ab4d17b773b87fa9d29ca16125de01adb36cd/numpy-1.26.4-cp310-cp310-manylinux_2_17_x86_64.manylinux2014_x86_64.whl", hash = "sha256:ffa75af20b44f8dba823498024771d5ac50620e6915abac414251bd971b4529f", size = 18240889, upload-time = "2024-02-05T23:49:25.361Z" },
    { url = "https://files.pythonhosted.org/packages/24/03/6f229fe3187546435c4f6f89f6d26c129d4f5bed40552899fcf1f0bf9e50/numpy-1.26.4-cp310-cp310-musllinux_1_1_aarch64.whl", hash = "sha256:62b8e4b1e28009ef2846b4c7852046736bab361f7aeadeb6a5b89ebec3c7055a", size = 13876746, upload-time = "2024-02-05T23:49:51.983Z" },
    { url = "https://files.pythonhosted.org/packages/39/fe/39ada9b094f01f5a35486577c848fe274e374bbf8d8f472e1423a0bbd26d/numpy-1.26.4-cp310-cp310-musllinux_1_1_x86_64.whl", hash = "sha256:a4abb4f9001ad2858e7ac189089c42178fcce737e4169dc61321660f1a96c7d2", size = 18078620, upload-time = "2024-02-05T23:50:22.515Z" },
    { url = "https://files.pythonhosted.org/packages/d5/ef/6ad11d51197aad206a9ad2286dc1aac6a378059e06e8cf22cd08ed4f20dc/numpy-1.26.4-cp310-cp310-win32.whl", hash = "sha256:bfe25acf8b437eb2a8b2d49d443800a5f18508cd811fea3181723922a8a82b07", size = 5972659, upload-time = "2024-02-05T23:50:35.834Z" },
    { url = "https://files.pythonhosted.org/packages/19/77/538f202862b9183f54108557bfda67e17603fc560c384559e769321c9d92/numpy-1.26.4-cp310-cp310-win_amd64.whl", hash = "sha256:b97fe8060236edf3662adfc2c633f56a08ae30560c56310562cb4f95500022d5", size = 15808905, upload-time = "2024-02-05T23:51:03.701Z" },
    { url = "https://files.pythonhosted.org/packages/11/57/baae43d14fe163fa0e4c47f307b6b2511ab8d7d30177c491960504252053/numpy-1.26.4-cp311-cp311-macosx_10_9_x86_64.whl", hash = "sha256:4c66707fabe114439db9068ee468c26bbdf909cac0fb58686a42a24de1760c71", size = 20630554, upload-time = "2024-02-05T23:51:50.149Z" },
    { url = "https://files.pythonhosted.org/packages/1a/2e/151484f49fd03944c4a3ad9c418ed193cfd02724e138ac8a9505d056c582/numpy-1.26.4-cp311-cp311-macosx_11_0_arm64.whl", hash = "sha256:edd8b5fe47dab091176d21bb6de568acdd906d1887a4584a15a9a96a1dca06ef", size = 13997127, upload-time = "2024-02-05T23:52:15.314Z" },
    { url = "https://files.pythonhosted.org/packages/79/ae/7e5b85136806f9dadf4878bf73cf223fe5c2636818ba3ab1c585d0403164/numpy-1.26.4-cp311-cp311-manylinux_2_17_aarch64.manylinux2014_aarch64.whl", hash = "sha256:7ab55401287bfec946ced39700c053796e7cc0e3acbef09993a9ad2adba6ca6e", size = 14222994, upload-time = "2024-02-05T23:52:47.569Z" },
    { url = "https://files.pythonhosted.org/packages/3a/d0/edc009c27b406c4f9cbc79274d6e46d634d139075492ad055e3d68445925/numpy-1.26.4-cp311-cp311-manylinux_2_17_x86_64.manylinux2014_x86_64.whl", hash = "sha256:666dbfb6ec68962c033a450943ded891bed2d54e6755e35e5835d63f4f6931d5", size = 18252005, upload-time = "2024-02-05T23:53:15.637Z" },
    { url = "https://files.pythonhosted.org/packages/09/bf/2b1aaf8f525f2923ff6cfcf134ae5e750e279ac65ebf386c75a0cf6da06a/numpy-1.26.4-cp311-cp311-musllinux_1_1_aarch64.whl", hash = "sha256:96ff0b2ad353d8f990b63294c8986f1ec3cb19d749234014f4e7eb0112ceba5a", size = 13885297, upload-time = "2024-02-05T23:53:42.16Z" },
    { url = "https://files.pythonhosted.org/packages/df/a0/4e0f14d847cfc2a633a1c8621d00724f3206cfeddeb66d35698c4e2cf3d2/numpy-1.26.4-cp311-cp311-musllinux_1_1_x86_64.whl", hash = "sha256:60dedbb91afcbfdc9bc0b1f3f402804070deed7392c23eb7a7f07fa857868e8a", size = 18093567, upload-time = "2024-02-05T23:54:11.696Z" },
    { url = "https://files.pythonhosted.org/packages/d2/b7/a734c733286e10a7f1a8ad1ae8c90f2d33bf604a96548e0a4a3a6739b468/numpy-1.26.4-cp311-cp311-win32.whl", hash = "sha256:1af303d6b2210eb850fcf03064d364652b7120803a0b872f5211f5234b399f20", size = 5968812, upload-time = "2024-02-05T23:54:26.453Z" },
    { url = "https://files.pythonhosted.org/packages/3f/6b/5610004206cf7f8e7ad91c5a85a8c71b2f2f8051a0c0c4d5916b76d6cbb2/numpy-1.26.4-cp311-cp311-win_amd64.whl", hash = "sha256:cd25bcecc4974d09257ffcd1f098ee778f7834c3ad767fe5db785be9a4aa9cb2", size = 15811913, upload-time = "2024-02-05T23:54:53.933Z" },
    { url = "https://files.pythonhosted.org/packages/95/12/8f2020a8e8b8383ac0177dc9570aad031a3beb12e38847f7129bacd96228/numpy-1.26.4-cp312-cp312-macosx_10_9_x86_64.whl", hash = "sha256:b3ce300f3644fb06443ee2222c2201dd3a89ea6040541412b8fa189341847218", size = 20335901, upload-time = "2024-02-05T23:55:32.801Z" },
    { url = "https://files.pythonhosted.org/packages/75/5b/ca6c8bd14007e5ca171c7c03102d17b4f4e0ceb53957e8c44343a9546dcc/numpy-1.26.4-cp312-cp312-macosx_11_0_arm64.whl", hash = "sha256:03a8c78d01d9781b28a6989f6fa1bb2c4f2d51201cf99d3dd875df6fbd96b23b", size = 13685868, upload-time = "2024-02-05T23:55:56.28Z" },
    { url = "https://files.pythonhosted.org/packages/79/f8/97f10e6755e2a7d027ca783f63044d5b1bc1ae7acb12afe6a9b4286eac17/numpy-1.26.4-cp312-cp312-manylinux_2_17_aarch64.manylinux2014_aarch64.whl", hash = "sha256:9fad7dcb1aac3c7f0584a5a8133e3a43eeb2fe127f47e3632d43d677c66c102b", size = 13925109, upload-time = "2024-02-05T23:56:20.368Z" },
    { url = "https://files.pythonhosted.org/packages/0f/50/de23fde84e45f5c4fda2488c759b69990fd4512387a8632860f3ac9cd225/numpy-1.26.4-cp312-cp312-manylinux_2_17_x86_64.manylinux2014_x86_64.whl", hash = "sha256:675d61ffbfa78604709862923189bad94014bef562cc35cf61d3a07bba02a7ed", size = 17950613, upload-time = "2024-02-05T23:56:56.054Z" },
    { url = "https://files.pythonhosted.org/packages/4c/0c/9c603826b6465e82591e05ca230dfc13376da512b25ccd0894709b054ed0/numpy-1.26.4-cp312-cp312-musllinux_1_1_aarch64.whl", hash = "sha256:ab47dbe5cc8210f55aa58e4805fe224dac469cde56b9f731a4c098b91917159a", size = 13572172, upload-time = "2024-02-05T23:57:21.56Z" },
    { url = "https://files.pythonhosted.org/packages/76/8c/2ba3902e1a0fc1c74962ea9bb33a534bb05984ad7ff9515bf8d07527cadd/numpy-1.26.4-cp312-cp312-musllinux_1_1_x86_64.whl", hash = "sha256:1dda2e7b4ec9dd512f84935c5f126c8bd8b9f2fc001e9f54af255e8c5f16b0e0", size = 17786643, upload-time = "2024-02-05T23:57:56.585Z" },
    { url = "https://files.pythonhosted.org/packages/28/4a/46d9e65106879492374999e76eb85f87b15328e06bd1550668f79f7b18c6/numpy-1.26.4-cp312-cp312-win32.whl", hash = "sha256:50193e430acfc1346175fcbdaa28ffec49947a06918b7b92130744e81e640110", size = 5677803, upload-time = "2024-02-05T23:58:08.963Z" },
    { url = "https://files.pythonhosted.org/packages/16/2e/86f24451c2d530c88daf997cb8d6ac622c1d40d19f5a031ed68a4b73a374/numpy-1.26.4-cp312-cp312-win_amd64.whl", hash = "sha256:08beddf13648eb95f8d867350f6a018a4be2e5ad54c8d8caed89ebca558b2818", size = 15517754, upload-time = "2024-02-05T23:58:36.364Z" },
]

[[package]]
name = "pyopengl"
version = "3.1.10"
source = { registry = "https://pypi.org/simple" }
sdist = { url = "https://files.pythonhosted.org/packages/6f/16/912b7225d56284859cd9a672827f18be43f8012f8b7b932bc4bd959a298e/pyopengl-3.1.10.tar.gz", hash = "sha256:c4a02d6866b54eb119c8e9b3fb04fa835a95ab802dd96607ab4cdb0012df8335", size = 1915580, upload-time = "2025-08-18T02:33:01.76Z" }
wheels = [
    { url = "https://files.pythonhosted.org/packages/de/e4/1ba6f44e491c4eece978685230dde56b14d51a0365bc1b774ddaa94d14cd/pyopengl-3.1.10-py3-none-any.whl", hash = "sha256:794a943daced39300879e4e47bd94525280685f42dbb5a998d336cfff151d74f", size = 3194996, upload-time = "2025-08-18T02:32:59.902Z" },
]

[[package]]
name = "robotube-playground"
version = "0.1.0"
source = { virtual = "." }
dependencies = [
    { name = "mujoco" },
]

[package.metadata]
requires-dist = [{ name = "mujoco", specifier = ">=3.2" }]

[[package]]
name = "typing-extensions"
version = "4.15.0"
source = { registry = "https://pypi.org/simple" }
sdist = { url = "https://files.pythonhosted.org/packages/72/94/1a15dd82efb362ac84269196e94cf00f187f7ed21c242792a923cdb1c61f/typing_extensions-4.15.0.tar.gz", hash = "sha256:0cea48d173cc12fa28ecabc3b837ea3cf6f38c6d1136f85cbaaf598984861466", size = 109391, upload-time = "2025-08-25T13:49:26.313Z" }
wheels = [
    { url = "https://files.pythonhosted.org/packages/18/67/36e9267722cc04a6b9f15c7f3441c2363321a3ea07da7ae0c0707beb2a9c/typing_extensions-4.15.0-py3-none-any.whl", hash = "sha256:f0fa19c6845758ab08074a0cfa8b7aecb71c999ca73d62883bc25cc018c4e548", size = 44614, upload-time = "2025-08-25T13:49:24.86Z" },
]

[[package]]
name = "zipp"
version = "3.23.1"
source = { registry = "https://pypi.org/simple" }
sdist = { url = "https://files.pythonhosted.org/packages/30/21/093488dfc7cc8964ded15ab726fad40f25fd3d788fd741cc1c5a17d78ee8/zipp-3.23.1.tar.gz", hash = "sha256:32120e378d32cd9714ad503c1d024619063ec28aad2248dc6672ad13edfa5110", size = 25965, upload-time = "2026-04-13T23:21:46.6Z" }
wheels = [
    { url = "https://files.pythonhosted.org/packages/08/8a/0861bec20485572fbddf3dfba2910e38fe249796cb73ecdeb74e07eeb8d3/zipp-3.23.1-py3-none-any.whl", hash = "sha256:0b3596c50a5c700c9cb40ba8d86d9f2cc4807e9bedb06bcdf7fac85633e444dc", size = 10378, upload-time = "2026-04-13T23:21:45.386Z" },
]
